
Microsoft Visual Studio Solution File, Format Version 12.00
# Visual Studio Version 16
VisualStudioVersion = 16.0.32413.511
MinimumVisualStudioVersion = 10.0.40219.1
Project("{FAE04EC0-301F-11D3-BF4B-00C04F79EFBC}") = "SoftwareEngineering", "SoftwareEngineering.csproj", "{B0F3ABE7-175C-4C55-B1C0-D9C32DCC7D4D}"
EndProject
Global
	GlobalSection(SolutionConfigurationPlatforms) = preSolution
		Debug|Any CPU = Debug|Any CPU
		Release|Any CPU = Release|Any CPU
	EndGlobalSection
	GlobalSection(ProjectConfigurationPlatforms) = postSolution
		{B0F3ABE7-175C-4C55-B1C0-D9C32DCC7D4D}.Debug|Any CPU.ActiveCfg = Debug|Any CPU
		{B0F3ABE7-175C-4C55-B1C0-D9C32DCC7D4D}.Debug|Any CPU.Build.0 = Debug|Any CPU
		{B0F3ABE7-175C-4C55-B1C0-D9C32DCC7D4D}.Release|Any CPU.ActiveCfg = Release|Any CPU
		{B0F3ABE7-175C-4C55-B1C0-D9C32DCC7D4D}.Release|Any CPU.Build.0 = Release|Any CPU
	EndGlobalSection
	GlobalSection(SolutionProperties) = preSolution
		HideSolutionNode = FALSE
	EndGlobalSection
	GlobalSection(ExtensibilityGlobals) = postSolution
		SolutionGuid = {D56DA9FD-70D5-4F5E-BCD7-1857FDF497D0}
	EndGlobalSection
EndGlobal
